
Microsoft Visual Studio Solution File, Format Version 12.00
# Visual Studio Version 17
VisualStudioVersion = 17.2.34302.75
MinimumVisualStudioVersion = 10.0.40219.1
Project("{9A19103F-16F7-4668-BE54-9A1E7A4F7556}") = "Primera_Clase", "Primera_Clase\Primera_Clase.csproj", "{D9A9FAF2-FFA6-4207-AC2B-7BD89A415B87}"
EndProject
Project("{9A19103F-16F7-4668-BE54-9A1E7A4F7556}") = "RepasoCondicionales", "RepasoCondicionales\RepasoCondicionales.csproj", "{B2539F5D-C97C-47EB-BED0-8AEEBC560941}"
EndProject
Project("{9A19103F-16F7-4668-BE54-9A1E7A4F7556}") = "ejercicio6", "ejercicio6\ejercicio6.csproj", "{5A7FE474-15FF-4EAC-AD1B-6778F0894B05}"
EndProject
Project("{9A19103F-16F7-4668-BE54-9A1E7A4F7556}") = "Repaso_bucles", "Repaso_bucles\Repaso_bucles.csproj", "{7B50DA2D-5AD2-46B8-A0D7-991AF82C7DCB}"
EndProject
Project("{9A19103F-16F7-4668-BE54-9A1E7A4F7556}") = "RepasoSwitch", "RepasoSwitch\RepasoSwitch.csproj", "{B58C226A-B4DE-4320-B2BE-613B7AB01025}"
EndProject
Project("{9A19103F-16F7-4668-BE54-9A1E7A4F7556}") = "Arrays", "Arrays\Arrays.csproj", "{FCF17124-51B1-4C78-85C5-65FBA6129EF3}"
EndProject
Project("{9A19103F-16F7-4668-BE54-9A1E7A4F7556}") = "Funciones", "Funciones\Funciones.csproj", "{2109B530-9269-4DA4-BDC6-21C73EF5411E}"
EndProject
Project("{9A19103F-16F7-4668-BE54-9A1E7A4F7556}") = "FuncionesConVEctores", "FuncionesConVEctores\FuncionesConVEctores.csproj", "{CF01832C-1E98-44AC-889D-67E1C3A00C1D}"
EndProject
Project("{9A19103F-16F7-4668-BE54-9A1E7A4F7556}") = "LibreriaDeFunciones", "LibreriaDeFunciones\LibreriaDeFunciones.csproj", "{BCE837C5-F825-4C86-9D76-FA25A1625960}"
EndProject
Project("{9A19103F-16F7-4668-BE54-9A1E7A4F7556}") = "OtrasFuncionesConArrays", "OtrasFuncionesConArrays\OtrasFuncionesConArrays.csproj", "{1CA1E4C8-7B0D-4C00-AB84-9F9E747EDD90}"
EndProject
Project("{9A19103F-16F7-4668-BE54-9A1E7A4F7556}") = "Automoviles", "Automoviles\Automoviles.csproj", "{7B506316-B937-4040-91BD-DF52C11DEF3B}"
EndProject
Project("{9A19103F-16F7-4668-BE54-9A1E7A4F7556}") = "TesteoClaseAuto", "TesteoClaseAuto\TesteoClaseAuto.csproj", "{4C2A3F8B-C613-473F-817B-88B965178CE0}"
EndProject
Project("{9A19103F-16F7-4668-BE54-9A1E7A4F7556}") = "TrabajandoConArrays", "TrabajandoConArrays\TrabajandoConArrays.csproj", "{C9D6798F-E73C-47C8-9ABD-412DF08E56A4}"
EndProject
Project("{9A19103F-16F7-4668-BE54-9A1E7A4F7556}") = "LibreriaDePersonas", "LibreriaDePersonas\LibreriaDePersonas.csproj", "{1CF7EB81-C43C-45C5-B9C6-C807A96264A2}"
EndProject
Project("{9A19103F-16F7-4668-BE54-9A1E7A4F7556}") = "TesteoEmpleados", "TesteoEmpleados\TesteoEmpleados.csproj", "{706AAA42-E6EF-478F-BAAE-BD354DC78B5E}"
EndProject
Project("{FAE04EC0-301F-11D3-BF4B-00C04F79EFBC}") = "LibreriaDeRobots", "LibreriaDeRobots\LibreriaDeRobots.csproj", "{C627759C-1C8F-4D60-A8F2-1E787FEE566B}"
EndProject
Project("{FAE04EC0-301F-11D3-BF4B-00C04F79EFBC}") = "TesteoDeRobots", "testeoDeRobots\TesteoDeRobots.csproj", "{B8CD01A2-C155-4A0E-A212-BD83A2BEF1BB}"
EndProject
Global
	GlobalSection(SolutionConfigurationPlatforms) = preSolution
		Debug|Any CPU = Debug|Any CPU
		Release|Any CPU = Release|Any CPU
	EndGlobalSection
	GlobalSection(ProjectConfigurationPlatforms) = postSolution
		{D9A9FAF2-FFA6-4207-AC2B-7BD89A415B87}.Debug|Any CPU.ActiveCfg = Debug|Any CPU
		{D9A9FAF2-FFA6-4207-AC2B-7BD89A415B87}.Debug|Any CPU.Build.0 = Debug|Any CPU
		{D9A9FAF2-FFA6-4207-AC2B-7BD89A415B87}.Release|Any CPU.ActiveCfg = Release|Any CPU
		{D9A9FAF2-FFA6-4207-AC2B-7BD89A415B87}.Release|Any CPU.Build.0 = Release|Any CPU
		{B2539F5D-C97C-47EB-BED0-8AEEBC560941}.Debug|Any CPU.ActiveCfg = Debug|Any CPU
		{B2539F5D-C97C-47EB-BED0-8AEEBC560941}.Debug|Any CPU.Build.0 = Debug|Any CPU
		{B2539F5D-C97C-47EB-BED0-8AEEBC560941}.Release|Any CPU.ActiveCfg = Release|Any CPU
		{B2539F5D-C97C-47EB-BED0-8AEEBC560941}.Release|Any CPU.Build.0 = Release|Any CPU
		{5A7FE474-15FF-4EAC-AD1B-6778F0894B05}.Debug|Any CPU.ActiveCfg = Debug|Any CPU
		{5A7FE474-15FF-4EAC-AD1B-6778F0894B05}.Debug|Any CPU.Build.0 = Debug|Any CPU
		{5A7FE474-15FF-4EAC-AD1B-6778F0894B05}.Release|Any CPU.ActiveCfg = Release|Any CPU
		{5A7FE474-15FF-4EAC-AD1B-6778F0894B05}.Release|Any CPU.Build.0 = Release|Any CPU
		{7B50DA2D-5AD2-46B8-A0D7-991AF82C7DCB}.Debug|Any CPU.ActiveCfg = Debug|Any CPU
		{7B50DA2D-5AD2-46B8-A0D7-991AF82C7DCB}.Debug|Any CPU.Build.0 = Debug|Any CPU
		{7B50DA2D-5AD2-46B8-A0D7-991AF82C7DCB}.Release|Any CPU.ActiveCfg = Release|Any CPU
		{7B50DA2D-5AD2-46B8-A0D7-991AF82C7DCB}.Release|Any CPU.Build.0 = Release|Any CPU
		{B58C226A-B4DE-4320-B2BE-613B7AB01025}.Debug|Any CPU.ActiveCfg = Debug|Any CPU
		{B58C226A-B4DE-4320-B2BE-613B7AB01025}.Debug|Any CPU.Build.0 = Debug|Any CPU
		{B58C226A-B4DE-4320-B2BE-613B7AB01025}.Release|Any CPU.ActiveCfg = Release|Any CPU
		{B58C226A-B4DE-4320-B2BE-613B7AB01025}.Release|Any CPU.Build.0 = Release|Any CPU
		{FCF17124-51B1-4C78-85C5-65FBA6129EF3}.Debug|Any CPU.ActiveCfg = Debug|Any CPU
		{FCF17124-51B1-4C78-85C5-65FBA6129EF3}.Debug|Any CPU.Build.0 = Debug|Any CPU
		{FCF17124-51B1-4C78-85C5-65FBA6129EF3}.Release|Any CPU.ActiveCfg = Release|Any CPU
		{FCF17124-51B1-4C78-85C5-65FBA6129EF3}.Release|Any CPU.Build.0 = Release|Any CPU
		{2109B530-9269-4DA4-BDC6-21C73EF5411E}.Debug|Any CPU.ActiveCfg = Debug|Any CPU
		{2109B530-9269-4DA4-BDC6-21C73EF5411E}.Debug|Any CPU.Build.0 = Debug|Any CPU
		{2109B530-9269-4DA4-BDC6-21C73EF5411E}.Release|Any CPU.ActiveCfg = Release|Any CPU
		{2109B530-9269-4DA4-BDC6-21C73EF5411E}.Release|Any CPU.Build.0 = Release|Any CPU
		{CF01832C-1E98-44AC-889D-67E1C3A00C1D}.Debug|Any CPU.ActiveCfg = Debug|Any CPU
		{CF01832C-1E98-44AC-889D-67E1C3A00C1D}.Debug|Any CPU.Build.0 = Debug|Any CPU
		{CF01832C-1E98-44AC-889D-67E1C3A00C1D}.Release|Any CPU.ActiveCfg = Release|Any CPU
		{CF01832C-1E98-44AC-889D-67E1C3A00C1D}.Release|Any CPU.Build.0 = Release|Any CPU
		{BCE837C5-F825-4C86-9D76-FA25A1625960}.Debug|Any CPU.ActiveCfg = Debug|Any CPU
		{BCE837C5-F825-4C86-9D76-FA25A1625960}.Debug|Any CPU.Build.0 = Debug|Any CPU
		{BCE837C5-F825-4C86-9D76-FA25A1625960}.Release|Any CPU.ActiveCfg = Release|Any CPU
		{BCE837C5-F825-4C86-9D76-FA25A1625960}.Release|Any CPU.Build.0 = Release|Any CPU
		{1CA1E4C8-7B0D-4C00-AB84-9F9E747EDD90}.Debug|Any CPU.ActiveCfg = Debug|Any CPU
		{1CA1E4C8-7B0D-4C00-AB84-9F9E747EDD90}.Debug|Any CPU.Build.0 = Debug|Any CPU
		{1CA1E4C8-7B0D-4C00-AB84-9F9E747EDD90}.Release|Any CPU.ActiveCfg = Release|Any CPU
		{1CA1E4C8-7B0D-4C00-AB84-9F9E747EDD90}.Release|Any CPU.Build.0 = Release|Any CPU
		{7B506316-B937-4040-91BD-DF52C11DEF3B}.Debug|Any CPU.ActiveCfg = Debug|Any CPU
		{7B506316-B937-4040-91BD-DF52C11DEF3B}.Debug|Any CPU.Build.0 = Debug|Any CPU
		{7B506316-B937-4040-91BD-DF52C11DEF3B}.Release|Any CPU.ActiveCfg = Release|Any CPU
		{7B506316-B937-4040-91BD-DF52C11DEF3B}.Release|Any CPU.Build.0 = Release|Any CPU
		{4C2A3F8B-C613-473F-817B-88B965178CE0}.Debug|Any CPU.ActiveCfg = Debug|Any CPU
		{4C2A3F8B-C613-473F-817B-88B965178CE0}.Debug|Any CPU.Build.0 = Debug|Any CPU
		{4C2A3F8B-C613-473F-817B-88B965178CE0}.Release|Any CPU.ActiveCfg = Release|Any CPU
		{4C2A3F8B-C613-473F-817B-88B965178CE0}.Release|Any CPU.Build.0 = Release|Any CPU
		{C9D6798F-E73C-47C8-9ABD-412DF08E56A4}.Debug|Any CPU.ActiveCfg = Debug|Any CPU
		{C9D6798F-E73C-47C8-9ABD-412DF08E56A4}.Debug|Any CPU.Build.0 = Debug|Any CPU
		{C9D6798F-E73C-47C8-9ABD-412DF08E56A4}.Release|Any CPU.ActiveCfg = Release|Any CPU
		{C9D6798F-E73C-47C8-9ABD-412DF08E56A4}.Release|Any CPU.Build.0 = Release|Any CPU
		{1CF7EB81-C43C-45C5-B9C6-C807A96264A2}.Debug|Any CPU.ActiveCfg = Debug|Any CPU
		{1CF7EB81-C43C-45C5-B9C6-C807A96264A2}.Debug|Any CPU.Build.0 = Debug|Any CPU
		{1CF7EB81-C43C-45C5-B9C6-C807A96264A2}.Release|Any CPU.ActiveCfg = Release|Any CPU
		{1CF7EB81-C43C-45C5-B9C6-C807A96264A2}.Release|Any CPU.Build.0 = Release|Any CPU
		{706AAA42-E6EF-478F-BAAE-BD354DC78B5E}.Debug|Any CPU.ActiveCfg = Debug|Any CPU
		{706AAA42-E6EF-478F-BAAE-BD354DC78B5E}.Debug|Any CPU.Build.0 = Debug|Any CPU
		{706AAA42-E6EF-478F-BAAE-BD354DC78B5E}.Release|Any CPU.ActiveCfg = Release|Any CPU
		{706AAA42-E6EF-478F-BAAE-BD354DC78B5E}.Release|Any CPU.Build.0 = Release|Any CPU
		{C627759C-1C8F-4D60-A8F2-1E787FEE566B}.Debug|Any CPU.ActiveCfg = Debug|Any CPU
		{C627759C-1C8F-4D60-A8F2-1E787FEE566B}.Debug|Any CPU.Build.0 = Debug|Any CPU
		{C627759C-1C8F-4D60-A8F2-1E787FEE566B}.Release|Any CPU.ActiveCfg = Release|Any CPU
		{C627759C-1C8F-4D60-A8F2-1E787FEE566B}.Release|Any CPU.Build.0 = Release|Any CPU
		{B8CD01A2-C155-4A0E-A212-BD83A2BEF1BB}.Debug|Any CPU.ActiveCfg = Debug|Any CPU
		{B8CD01A2-C155-4A0E-A212-BD83A2BEF1BB}.Debug|Any CPU.Build.0 = Debug|Any CPU
		{B8CD01A2-C155-4A0E-A212-BD83A2BEF1BB}.Release|Any CPU.ActiveCfg = Release|Any CPU
		{B8CD01A2-C155-4A0E-A212-BD83A2BEF1BB}.Release|Any CPU.Build.0 = Release|Any CPU
	EndGlobalSection
	GlobalSection(SolutionProperties) = preSolution
		HideSolutionNode = FALSE
	EndGlobalSection
	GlobalSection(ExtensibilityGlobals) = postSolution
		SolutionGuid = {EDEA13DA-D673-4D37-B28A-FB01763B1F24}
	EndGlobalSection
EndGlobal
